
Microsoft Visual Studio Solution File, Format Version 12.00
# Visual Studio Version 17
VisualStudioVersion = 17.5.002.0
MinimumVisualStudioVersion = 10.0.40219.1
Project("{9A19103F-16F7-4668-BE54-9A1E7A4F7556}") = "08.2-ClassAnimal", "08.2-ClassAnimal.csproj", "{0EE7A038-0A6E-4F5B-B2ED-2CCFE19F7107}"
EndProject
Global
	GlobalSection(SolutionConfigurationPlatforms) = preSolution
		Debug|Any CPU = Debug|Any CPU
		Release|Any CPU = Release|Any CPU
	EndGlobalSection
	GlobalSection(ProjectConfigurationPlatforms) = postSolution
		{0EE7A038-0A6E-4F5B-B2ED-2CCFE19F7107}.Debug|Any CPU.ActiveCfg = Debug|Any CPU
		{0EE7A038-0A6E-4F5B-B2ED-2CCFE19F7107}.Debug|Any CPU.Build.0 = Debug|Any CPU
		{0EE7A038-0A6E-4F5B-B2ED-2CCFE19F7107}.Release|Any CPU.ActiveCfg = Release|Any CPU
		{0EE7A038-0A6E-4F5B-B2ED-2CCFE19F7107}.Release|Any CPU.Build.0 = Release|Any CPU
	EndGlobalSection
	GlobalSection(SolutionProperties) = preSolution
		HideSolutionNode = FALSE
	EndGlobalSection
	GlobalSection(ExtensibilityGlobals) = postSolution
		SolutionGuid = {2C5B04A1-09D5-4041-82D7-590CA5911531}
	EndGlobalSection
EndGlobal
