
Microsoft Visual Studio Solution File, Format Version 12.00
# Visual Studio Version 17
VisualStudioVersion = 17.5.002.0
MinimumVisualStudioVersion = 10.0.40219.1
Project("{9A19103F-16F7-4668-BE54-9A1E7A4F7556}") = "BT12. TinhTongDuongCheoChinh", "BT12. TinhTongDuongCheoChinh.csproj", "{31FC2323-793A-4EE3-B7B5-5D721A6BC6CA}"
EndProject
Global
	GlobalSection(SolutionConfigurationPlatforms) = preSolution
		Debug|Any CPU = Debug|Any CPU
		Release|Any CPU = Release|Any CPU
	EndGlobalSection
	GlobalSection(ProjectConfigurationPlatforms) = postSolution
		{31FC2323-793A-4EE3-B7B5-5D721A6BC6CA}.Debug|Any CPU.ActiveCfg = Debug|Any CPU
		{31FC2323-793A-4EE3-B7B5-5D721A6BC6CA}.Debug|Any CPU.Build.0 = Debug|Any CPU
		{31FC2323-793A-4EE3-B7B5-5D721A6BC6CA}.Release|Any CPU.ActiveCfg = Release|Any CPU
		{31FC2323-793A-4EE3-B7B5-5D721A6BC6CA}.Release|Any CPU.Build.0 = Release|Any CPU
	EndGlobalSection
	GlobalSection(SolutionProperties) = preSolution
		HideSolutionNode = FALSE
	EndGlobalSection
	GlobalSection(ExtensibilityGlobals) = postSolution
		SolutionGuid = {23EA8D98-CEF4-4EC7-953C-FBC5B6320535}
	EndGlobalSection
EndGlobal
