
Microsoft Visual Studio Solution File, Format Version 12.00
# Visual Studio Version 17
VisualStudioVersion = 17.5.002.0
MinimumVisualStudioVersion = 10.0.40219.1
Project("{9A19103F-16F7-4668-BE54-9A1E7A4F7556}") = "01.4-HienThiLoiChao", "01.4-HienThiLoiChao.csproj", "{8EC304D3-DEC0-41E7-9372-C04CA4566376}"
EndProject
Global
	GlobalSection(SolutionConfigurationPlatforms) = preSolution
		Debug|Any CPU = Debug|Any CPU
		Release|Any CPU = Release|Any CPU
	EndGlobalSection
	GlobalSection(ProjectConfigurationPlatforms) = postSolution
		{8EC304D3-DEC0-41E7-9372-C04CA4566376}.Debug|Any CPU.ActiveCfg = Debug|Any CPU
		{8EC304D3-DEC0-41E7-9372-C04CA4566376}.Debug|Any CPU.Build.0 = Debug|Any CPU
		{8EC304D3-DEC0-41E7-9372-C04CA4566376}.Release|Any CPU.ActiveCfg = Release|Any CPU
		{8EC304D3-DEC0-41E7-9372-C04CA4566376}.Release|Any CPU.Build.0 = Release|Any CPU
	EndGlobalSection
	GlobalSection(SolutionProperties) = preSolution
		HideSolutionNode = FALSE
	EndGlobalSection
	GlobalSection(ExtensibilityGlobals) = postSolution
		SolutionGuid = {FE391F23-F4CE-4F62-A8BA-6C1CCCE9AB07}
	EndGlobalSection
EndGlobal
