
Microsoft Visual Studio Solution File, Format Version 12.00
# Visual Studio Version 17
VisualStudioVersion = 17.5.002.0
MinimumVisualStudioVersion = 10.0.40219.1
Project("{9A19103F-16F7-4668-BE54-9A1E7A4F7556}") = "04.2-TinhTongCacPhanTuMang", "04.2-TinhTongCacPhanTuMang.csproj", "{2736342B-3681-4BA2-81C3-05ECBC012991}"
EndProject
Global
	GlobalSection(SolutionConfigurationPlatforms) = preSolution
		Debug|Any CPU = Debug|Any CPU
		Release|Any CPU = Release|Any CPU
	EndGlobalSection
	GlobalSection(ProjectConfigurationPlatforms) = postSolution
		{2736342B-3681-4BA2-81C3-05ECBC012991}.Debug|Any CPU.ActiveCfg = Debug|Any CPU
		{2736342B-3681-4BA2-81C3-05ECBC012991}.Debug|Any CPU.Build.0 = Debug|Any CPU
		{2736342B-3681-4BA2-81C3-05ECBC012991}.Release|Any CPU.ActiveCfg = Release|Any CPU
		{2736342B-3681-4BA2-81C3-05ECBC012991}.Release|Any CPU.Build.0 = Release|Any CPU
	EndGlobalSection
	GlobalSection(SolutionProperties) = preSolution
		HideSolutionNode = FALSE
	EndGlobalSection
	GlobalSection(ExtensibilityGlobals) = postSolution
		SolutionGuid = {6046BC8F-097E-4997-8674-ACA148FE1725}
	EndGlobalSection
EndGlobal
