
Microsoft Visual Studio Solution File, Format Version 12.00
# Visual Studio Version 17
VisualStudioVersion = 17.5.002.0
MinimumVisualStudioVersion = 10.0.40219.1
Project("{9A19103F-16F7-4668-BE54-9A1E7A4F7556}") = "10.1-LopAnimalVaInterfaceEdible", "10.1-LopAnimalVaInterfaceEdible.csproj", "{F69E725C-7F2E-4E9C-8229-198B0640F4F3}"
EndProject
Global
	GlobalSection(SolutionConfigurationPlatforms) = preSolution
		Debug|Any CPU = Debug|Any CPU
		Release|Any CPU = Release|Any CPU
	EndGlobalSection
	GlobalSection(ProjectConfigurationPlatforms) = postSolution
		{F69E725C-7F2E-4E9C-8229-198B0640F4F3}.Debug|Any CPU.ActiveCfg = Debug|Any CPU
		{F69E725C-7F2E-4E9C-8229-198B0640F4F3}.Debug|Any CPU.Build.0 = Debug|Any CPU
		{F69E725C-7F2E-4E9C-8229-198B0640F4F3}.Release|Any CPU.ActiveCfg = Release|Any CPU
		{F69E725C-7F2E-4E9C-8229-198B0640F4F3}.Release|Any CPU.Build.0 = Release|Any CPU
	EndGlobalSection
	GlobalSection(SolutionProperties) = preSolution
		HideSolutionNode = FALSE
	EndGlobalSection
	GlobalSection(ExtensibilityGlobals) = postSolution
		SolutionGuid = {438D9BA2-C9F3-4CF2-A87A-E9114C05AB45}
	EndGlobalSection
EndGlobal
