
Microsoft Visual Studio Solution File, Format Version 12.00
# Visual Studio Version 17
VisualStudioVersion = 17.5.002.0
MinimumVisualStudioVersion = 10.0.40219.1
Project("{9A19103F-16F7-4668-BE54-9A1E7A4F7556}") = "06.3-XoaPhanTuKhoiMang", "06.3-XoaPhanTuKhoiMang.csproj", "{743998F2-1A40-4D3B-8B2C-770DED40591F}"
EndProject
Global
	GlobalSection(SolutionConfigurationPlatforms) = preSolution
		Debug|Any CPU = Debug|Any CPU
		Release|Any CPU = Release|Any CPU
	EndGlobalSection
	GlobalSection(ProjectConfigurationPlatforms) = postSolution
		{743998F2-1A40-4D3B-8B2C-770DED40591F}.Debug|Any CPU.ActiveCfg = Debug|Any CPU
		{743998F2-1A40-4D3B-8B2C-770DED40591F}.Debug|Any CPU.Build.0 = Debug|Any CPU
		{743998F2-1A40-4D3B-8B2C-770DED40591F}.Release|Any CPU.ActiveCfg = Release|Any CPU
		{743998F2-1A40-4D3B-8B2C-770DED40591F}.Release|Any CPU.Build.0 = Release|Any CPU
	EndGlobalSection
	GlobalSection(SolutionProperties) = preSolution
		HideSolutionNode = FALSE
	EndGlobalSection
	GlobalSection(ExtensibilityGlobals) = postSolution
		SolutionGuid = {33B8371B-C6C1-4C0B-88FB-7C64DC99D017}
	EndGlobalSection
EndGlobal
